
Microsoft Visual Studio Solution File, Format Version 12.00
# Visual Studio Version 17
VisualStudioVersion = 17.6.33829.357
MinimumVisualStudioVersion = 10.0.40219.1
Project("{9A19103F-16F7-4668-BE54-9A1E7A4F7556}") = "DockerProject", "DockerProject\DockerProject.csproj", "{6A12D878-4431-491E-9098-247BE90C1CF7}"
EndProject
Project("{E53339B2-1760-4266-BCC7-CA923CBCF16C}") = "docker-compose", "docker-compose.dcproj", "{CAC1EA14-5C06-450B-A37A-45171473B700}"
EndProject
Global
	GlobalSection(SolutionConfigurationPlatforms) = preSolution
		Debug|Any CPU = Debug|Any CPU
		Release|Any CPU = Release|Any CPU
	EndGlobalSection
	GlobalSection(ProjectConfigurationPlatforms) = postSolution
		{6A12D878-4431-491E-9098-247BE90C1CF7}.Debug|Any CPU.ActiveCfg = Debug|Any CPU
		{6A12D878-4431-491E-9098-247BE90C1CF7}.Debug|Any CPU.Build.0 = Debug|Any CPU
		{6A12D878-4431-491E-9098-247BE90C1CF7}.Release|Any CPU.ActiveCfg = Release|Any CPU
		{6A12D878-4431-491E-9098-247BE90C1CF7}.Release|Any CPU.Build.0 = Release|Any CPU
		{CAC1EA14-5C06-450B-A37A-45171473B700}.Debug|Any CPU.ActiveCfg = Debug|Any CPU
		{CAC1EA14-5C06-450B-A37A-45171473B700}.Debug|Any CPU.Build.0 = Debug|Any CPU
		{CAC1EA14-5C06-450B-A37A-45171473B700}.Release|Any CPU.ActiveCfg = Release|Any CPU
		{CAC1EA14-5C06-450B-A37A-45171473B700}.Release|Any CPU.Build.0 = Release|Any CPU
	EndGlobalSection
	GlobalSection(SolutionProperties) = preSolution
		HideSolutionNode = FALSE
	EndGlobalSection
	GlobalSection(ExtensibilityGlobals) = postSolution
		SolutionGuid = {842BE6BC-6289-4DBA-971A-DE15493B3C81}
	EndGlobalSection
EndGlobal
